
Microsoft Visual Studio Solution File, Format Version 12.00
# Visual Studio Version 17
VisualStudioVersion = 17.4.33122.133
MinimumVisualStudioVersion = 10.0.40219.1
Project("{FAE04EC0-301F-11D3-BF4B-00C04F79EFBC}") = "PloterGUI", "PloterGUI.csproj", "{F529A006-F521-4F8E-AF4D-F42B972160FE}"
EndProject
Global
	GlobalSection(SolutionConfigurationPlatforms) = preSolution
		Debug|Any CPU = Debug|Any CPU
		Release|Any CPU = Release|Any CPU
	EndGlobalSection
	GlobalSection(ProjectConfigurationPlatforms) = postSolution
		{F529A006-F521-4F8E-AF4D-F42B972160FE}.Debug|Any CPU.ActiveCfg = Debug|Any CPU
		{F529A006-F521-4F8E-AF4D-F42B972160FE}.Debug|Any CPU.Build.0 = Debug|Any CPU
		{F529A006-F521-4F8E-AF4D-F42B972160FE}.Release|Any CPU.ActiveCfg = Release|Any CPU
		{F529A006-F521-4F8E-AF4D-F42B972160FE}.Release|Any CPU.Build.0 = Release|Any CPU
	EndGlobalSection
	GlobalSection(SolutionProperties) = preSolution
		HideSolutionNode = FALSE
	EndGlobalSection
	GlobalSection(ExtensibilityGlobals) = postSolution
		SolutionGuid = {4C028EF7-CE9E-4F47-B491-0E73473803F3}
	EndGlobalSection
EndGlobal
